{
  "version": 4,
  "terraform_version": "1.16.2",
  "serial": 1,
  "lineage": "9a48995a-6513-5e5a-4479-51285d9ed9ad",
  "outputs": {},
  "resources": [
    {
      "mode": "managed",
      "type": "aws_vpc",
      "name": "vpc_aula",
      "provider": "provider[\"registry.terraform.io/hashicorp/aws\"]",
      "instances": [
        {
          "schema_version": 1,
          "attributes": {
            "arn": "arn:aws:ec2:us-east-1:543752389747:vpc/vpc-055abd686afe11a13",
            "assign_generated_ipv6_cidr_block": false,
            "cidr_block": "10.50.0.0/16",
            "default_network_acl_id": "acl-0ba21099c61834cc9",
            "default_route_table_id": "rtb-06af92e70f8c90393",
            "default_security_group_id": "sg-02167f49726d1704e",
            "dhcp_options_id": "dopt-08a61aec09e2c8c01",
            "enable_dns_hostnames": false,
            "enable_dns_support": true,
            "enable_network_address_usage_metrics": false,
            "id": "vpc-055abd686afe11a13",
            "instance_tenancy": "default",
            "ipv4_ipam_pool_id": null,
            "ipv4_netmask_length": null,
            "ipv6_association_id": "",
            "ipv6_cidr_block": "",
            "ipv6_cidr_block_network_border_group": "",
            "ipv6_ipam_pool_id": "",
            "ipv6_netmask_length": 0,
            "main_route_table_id": "rtb-06af92e70f8c90393",
            "owner_id": "543752389747",
            "region": "us-east-1",
            "tags": {
              "Name": "vpc-original"
            },
            "tags_all": {
              "Name": "vpc-original"
            }
          },
          "sensitive_attributes": [],
          "identity_schema_version": 0,
          "identity": {
            "account_id": "543752389747",
            "id": "vpc-055abd686afe11a13",
            "region": "us-east-1"
          },
          "private": "eyJzY2hlbWFfdmVyc2lvbiI6IjEifQ=="
        }
      ]
    }
  ],
  "check_results": null
}
