{
  "version": 4,
  "terraform_version": "1.16.2",
  "serial": 1,
  "lineage": "6fa0922f-1ae5-93d0-5e7f-3bdade92ea32",
  "outputs": {},
  "resources": [
    {
      "mode": "managed",
      "type": "aws_vpc",
      "name": "vpc_importada",
      "provider": "provider[\"registry.terraform.io/hashicorp/aws\"]",
      "instances": [
        {
          "schema_version": 1,
          "attributes": {
            "arn": "arn:aws:ec2:us-east-1:543752389747:vpc/vpc-0fe3f31ed0b91ffea",
            "assign_generated_ipv6_cidr_block": false,
            "cidr_block": "10.0.0.0/24",
            "default_network_acl_id": "acl-0dd515225716826b8",
            "default_route_table_id": "rtb-00b2e82c92fb26d3c",
            "default_security_group_id": "sg-00ab3e2c869a46190",
            "dhcp_options_id": "dopt-08a61aec09e2c8c01",
            "enable_dns_hostnames": false,
            "enable_dns_support": true,
            "enable_network_address_usage_metrics": false,
            "id": "vpc-0fe3f31ed0b91ffea",
            "instance_tenancy": "default",
            "ipv4_ipam_pool_id": null,
            "ipv4_netmask_length": null,
            "ipv6_association_id": "",
            "ipv6_cidr_block": "",
            "ipv6_cidr_block_network_border_group": "",
            "ipv6_ipam_pool_id": "",
            "ipv6_netmask_length": 0,
            "main_route_table_id": "rtb-00b2e82c92fb26d3c",
            "owner_id": "543752389747",
            "region": "us-east-1",
            "tags": {
              "Name": "vpc-prueba"
            },
            "tags_all": {
              "Name": "vpc-prueba"
            }
          },
          "sensitive_attributes": [],
          "identity_schema_version": 0,
          "identity": {
            "account_id": "543752389747",
            "id": "vpc-0fe3f31ed0b91ffea",
            "region": "us-east-1"
          },
          "private": "eyJzY2hlbWFfdmVyc2lvbiI6IjEifQ=="
        }
      ]
    }
  ],
  "check_results": null
}
