{
  "version": 4,
  "terraform_version": "1.16.2",
  "serial": 1,
  "lineage": "81c6d362-bf5e-09dd-4f5a-8e77d862a5dd",
  "outputs": {},
  "resources": [
    {
      "mode": "managed",
      "type": "aws_vpc",
      "name": "vpc_aula",
      "provider": "provider[\"registry.terraform.io/hashicorp/aws\"]",
      "instances": [
        {
          "schema_version": 1,
          "attributes": {
            "arn": "arn:aws:ec2:us-east-1:543752389747:vpc/vpc-0bc3d27802167d61d",
            "assign_generated_ipv6_cidr_block": false,
            "cidr_block": "10.10.0.0/16",
            "default_network_acl_id": "acl-0b922a2fb472e441f",
            "default_route_table_id": "rtb-0ea86bf5336214d6d",
            "default_security_group_id": "sg-0ee9344c155b0e843",
            "dhcp_options_id": "dopt-08a61aec09e2c8c01",
            "enable_dns_hostnames": false,
            "enable_dns_support": true,
            "enable_network_address_usage_metrics": false,
            "id": "vpc-0bc3d27802167d61d",
            "instance_tenancy": "default",
            "ipv4_ipam_pool_id": null,
            "ipv4_netmask_length": null,
            "ipv6_association_id": "",
            "ipv6_cidr_block": "",
            "ipv6_cidr_block_network_border_group": "",
            "ipv6_ipam_pool_id": "",
            "ipv6_netmask_length": 0,
            "main_route_table_id": "rtb-0ea86bf5336214d6d",
            "owner_id": "543752389747",
            "region": "us-east-1",
            "tags": {
              "Name": "terraform-vpc-aula"
            },
            "tags_all": {
              "Name": "terraform-vpc-aula"
            }
          },
          "sensitive_attributes": [],
          "identity_schema_version": 0,
          "identity": {
            "account_id": "543752389747",
            "id": "vpc-0bc3d27802167d61d",
            "region": "us-east-1"
          },
          "private": "eyJzY2hlbWFfdmVyc2lvbiI6IjEifQ=="
        }
      ]
    }
  ],
  "check_results": null
}
